# THIS IS AN AUTOGENERATED FILE. DO NOT EDIT THIS FILE DIRECTLY.
# yarn lockfile v1


"@stdlib/string-base-format-interpolate@^0.0.4":
  version "0.0.4"
  resolved "https://registry.npmmirror.com/@stdlib/string-base-format-interpolate/-/string-base-format-interpolate-0.0.4.tgz#297eeb23c76f745dcbb3d9dbd24e316773944538"
  integrity sha512-8FC8+/ey+P5hf1B50oXpXzRzoAgKI1rikpyKZ98Xmjd5rcbSq3NWYi8TqOF8mUHm9hVZ2CXWoNCtEe2wvMQPMg==

"@stdlib/string-base-format-tokenize@^0.0.4":
  version "0.0.4"
  resolved "https://registry.npmmirror.com/@stdlib/string-base-format-tokenize/-/string-base-format-tokenize-0.0.4.tgz#c1fc612ee0c0de5516dbf083e88c11d14748c30e"
  integrity sha512-+vMIkheqAhDeT/iF5hIQo95IMkt5IzC68eR3CxW1fhc48NMkKFE2UfN73ET8fmLuOanLo/5pO2E90c2G7PExow==

"@types/fs-extra@^11.0.1":
  version "11.0.1"
  resolved "https://registry.npmmirror.com/@types/fs-extra/-/fs-extra-11.0.1.tgz#f542ec47810532a8a252127e6e105f487e0a6ea5"
  integrity sha512-MxObHvNl4A69ofaTRU8DFqvgzzv8s9yRtaPPm5gud9HDNvpB3GPQFvNuTWAI59B9huVGV5jXYJwbCsmBsOGYWA==
  dependencies:
    "@types/jsonfile" "*"
    "@types/node" "*"

"@types/jsonfile@*":
  version "6.1.1"
  resolved "https://registry.npmmirror.com/@types/jsonfile/-/jsonfile-6.1.1.tgz#ac84e9aefa74a2425a0fb3012bdea44f58970f1b"
  integrity sha512-GSgiRCVeapDN+3pqA35IkQwasaCh/0YFH5dEF6S88iDvEn901DjOeH3/QPY+XYP1DFzDZPvIvfeEgk+7br5png==
  dependencies:
    "@types/node" "*"

"@types/node@*", "@types/node@^20.4.9":
  version "20.4.9"
  resolved "https://registry.npmmirror.com/@types/node/-/node-20.4.9.tgz"
  integrity sha512-8e2HYcg7ohnTUbHk8focoklEQYvemQmu9M/f43DZVx43kHn0tE3BY/6gSDxS7k0SprtS0NHvj+L80cGLnoOUcQ==

"@xiangnanscu/lua2js@link:../lua2js":
  version "0.0.0"
  uid ""

commander@^11.0.0:
  version "11.0.0"
  resolved "https://registry.npmmirror.com/commander/-/commander-11.0.0.tgz#43e19c25dbedc8256203538e8d7e9346877a6f67"
  integrity sha512-9HMlXtt/BNoYr8ooyjjNRdIilOTkVJXB+GhxMTtOKwk0R4j4lS4NpjuqmRxroBfnfTSHQIHQB7wryHhXarNjmQ==

fs-extra@^11.1.1:
  version "11.1.1"
  resolved "https://registry.npmmirror.com/fs-extra/-/fs-extra-11.1.1.tgz#da69f7c39f3b002378b0954bb6ae7efdc0876e2d"
  integrity sha512-MGIE4HOvQCeUCzmlHs0vXpih4ysz4wg9qiSAu6cd42lVwPbTM1TjV7RusoyQqMmk/95gdQZX72u+YW+c3eEpFQ==
  dependencies:
    graceful-fs "^4.2.0"
    jsonfile "^6.0.1"
    universalify "^2.0.0"

graceful-fs@^4.1.6, graceful-fs@^4.2.0:
  version "4.2.11"
  resolved "https://registry.npmmirror.com/graceful-fs/-/graceful-fs-4.2.11.tgz#4183e4e8bf08bb6e05bbb2f7d2e0c8f712ca40e3"
  integrity sha512-RbJ5/jmFcNNCcDV5o9eTnBLJ/HszWV0P73bc+Ff4nS/rJj+YaS6IGyiOL0VoBYX+l1Wrl3k63h/KrH+nhJ0XvQ==

jsonfile@^6.0.1:
  version "6.1.0"
  resolved "https://registry.npmmirror.com/jsonfile/-/jsonfile-6.1.0.tgz#bc55b2634793c679ec6403094eb13698a6ec0aae"
  integrity sha512-5dgndWOriYSm5cnYaJNhalLNDKOqFwyDB/rr1E9ZsGciGvKPs8R2xYGCacuf3z6K1YKDz182fd+fY3cn3pMqXQ==
  dependencies:
    universalify "^2.0.0"
  optionalDependencies:
    graceful-fs "^4.1.6"

luaparse@^0.3.1:
  version "0.3.1"
  resolved "https://registry.npmmirror.com/luaparse/-/luaparse-0.3.1.tgz"
  integrity sha512-b21h2bFEbtGXmVqguHogbyrMAA0wOHyp9u/rx+w6Yc9pW1t9YjhGUsp87lYcp7pFRqSWN/PhFkrdIqKEUzRjjQ==

prettier@^2.6.2:
  version "2.8.8"
  resolved "https://registry.npmmirror.com/prettier/-/prettier-2.8.8.tgz"
  integrity sha512-tdN8qQGvNjw4CHbY+XXk0JgCXn9QiF21a55rBe5LJAU+kDyC4WQn4+awm2Xfk2lQMk5fKup9XgzTZtGkjBdP9Q==

pure-rand@^6.0.2:
  version "6.0.2"
  resolved "https://registry.npmmirror.com/pure-rand/-/pure-rand-6.0.2.tgz#a9c2ddcae9b68d736a8163036f088a2781c8b306"
  integrity sha512-6Yg0ekpKICSjPswYOuC5sku/TSWaRYlA0qsXqJgM/d/4pLPHPuTxK7Nbf7jFKzAeedUhR8C7K9Uv63FBsSo8xQ==

universalify@^2.0.0:
  version "2.0.0"
  resolved "https://registry.npmmirror.com/universalify/-/universalify-2.0.0.tgz#75a4984efedc4b08975c5aeb73f530d02df25717"
  integrity sha512-hAZsKq7Yy11Zu1DE0OzWjw7nnLZmJZYTDZZyEFHZdUhV8FkH5MCfoU1XMaxXovpyW5nq5scPqq0ZDP9Zyl04oQ==
